# amiga-dev Bebbo transitive toolchain lock
# Qualified from CI run 35237303095 on 2026-09-17.
# Format: repository path<TAB>commit<TAB>origin
build-Linux-m68k-amigaos/lha	16619b066b189ef289bb8b07b37d1c38d550da99	https://github.com/jca02266/lha
projects/amiga-netinclude	b9a8d2cdd410dbb896a93bc9c64b253be436dd89	https://franke.ms/git/bebbo/amiga-netinclude
projects/aros-stuff	c0a06b4ccd13f52d1518540aa88a450d70581458	https://franke.ms/git/bebbo/aros-stuff
projects/binutils	9c09d7d33c8ecd54cc6b0f49d8c05feb4160ce55	https://franke.ms/git/bebbo/binutils-gdb
projects/fd2pragma	8c0f352c348a3252f84170eab737919372562e82	https://github.com/adtools/fd2pragma
projects/fd2sfd	7b73220f99b9bbb94152e8bd673f0f134ad90e11	https://franke.ms/git/bebbo/fd2sfd
projects/gcc	8c1fd39dbb6fcff9c6c4f67af433c241a19476ce	https://franke.ms/git/bebbo/gcc
projects/libSDL12	324f6bc150eea7fbf25a0fb9a4d26f1ef6b9d984	https://github.com/AmigaPorts/libSDL12
projects/libdebug	bf9ca8c5fc14ec85fd6b87554b6ca245d426ba08	https://github.com/adtools/libdebug
projects/libnix	9f42162fc1b117bc47b0d8468d60622b63bdbeee	https://franke.ms/git/bebbo/libnix
projects/newlib-cygwin	998257d551c8b701f79de2a53579fbffbb08cd50	https://franke.ms/git/bebbo/newlib-cygwin
projects/sfdc	db0b1d86c7152ec919fdd119bad707aa04a7f775	https://franke.ms/git/bebbo/sfdc
